
Microsoft Visual Studio Solution File, Format Version 12.00
# Visual Studio Version 16
VisualStudioVersion = 16.0.29503.13
MinimumVisualStudioVersion = 10.0.40219.1
Project("{FAE04EC0-301F-11D3-BF4B-00C04F79EFBC}") = "ExerciciosCapQuatro", "ExerciciosCapQuatro\ExerciciosCapQuatro.csproj", "{69D43B82-17B3-49B9-9370-C620E6D9C118}"
EndProject
Global
	GlobalSection(SolutionConfigurationPlatforms) = preSolution
		Debug|Any CPU = Debug|Any CPU
		Release|Any CPU = Release|Any CPU
	EndGlobalSection
	GlobalSection(ProjectConfigurationPlatforms) = postSolution
		{69D43B82-17B3-49B9-9370-C620E6D9C118}.Debug|Any CPU.ActiveCfg = Debug|Any CPU
		{69D43B82-17B3-49B9-9370-C620E6D9C118}.Debug|Any CPU.Build.0 = Debug|Any CPU
		{69D43B82-17B3-49B9-9370-C620E6D9C118}.Release|Any CPU.ActiveCfg = Release|Any CPU
		{69D43B82-17B3-49B9-9370-C620E6D9C118}.Release|Any CPU.Build.0 = Release|Any CPU
	EndGlobalSection
	GlobalSection(SolutionProperties) = preSolution
		HideSolutionNode = FALSE
	EndGlobalSection
	GlobalSection(ExtensibilityGlobals) = postSolution
		SolutionGuid = {B5F756BF-CD6C-4484-84B5-05B31DB66439}
	EndGlobalSection
EndGlobal
