
Microsoft Visual Studio Solution File, Format Version 12.00
# Visual Studio Version 16
VisualStudioVersion = 16.0.29503.13
MinimumVisualStudioVersion = 10.0.40219.1
Project("{FAE04EC0-301F-11D3-BF4B-00C04F79EFBC}") = "RelatorioReportViewer", "RelatorioReportViewer\RelatorioReportViewer.csproj", "{F1FE973D-A743-45A7-9B4B-AAD3B37E01B3}"
EndProject
Global
	GlobalSection(SolutionConfigurationPlatforms) = preSolution
		Debug|Any CPU = Debug|Any CPU
		Release|Any CPU = Release|Any CPU
	EndGlobalSection
	GlobalSection(ProjectConfigurationPlatforms) = postSolution
		{F1FE973D-A743-45A7-9B4B-AAD3B37E01B3}.Debug|Any CPU.ActiveCfg = Debug|Any CPU
		{F1FE973D-A743-45A7-9B4B-AAD3B37E01B3}.Debug|Any CPU.Build.0 = Debug|Any CPU
		{F1FE973D-A743-45A7-9B4B-AAD3B37E01B3}.Release|Any CPU.ActiveCfg = Release|Any CPU
		{F1FE973D-A743-45A7-9B4B-AAD3B37E01B3}.Release|Any CPU.Build.0 = Release|Any CPU
	EndGlobalSection
	GlobalSection(SolutionProperties) = preSolution
		HideSolutionNode = FALSE
	EndGlobalSection
	GlobalSection(ExtensibilityGlobals) = postSolution
		SolutionGuid = {D6F90313-83D6-42C8-910E-D7320091707F}
	EndGlobalSection
EndGlobal
