
Microsoft Visual Studio Solution File, Format Version 12.00
# Visual Studio Version 16
VisualStudioVersion = 16.0.29503.13
MinimumVisualStudioVersion = 10.0.40219.1
Project("{FAE04EC0-301F-11D3-BF4B-00C04F79EFBC}") = "Capitulo1", "Capitulo1\Capitulo1.csproj", "{CA267486-CD2C-490A-B5D7-D7DF7DA0C1CA}"
EndProject
Global
	GlobalSection(SolutionConfigurationPlatforms) = preSolution
		Debug|Any CPU = Debug|Any CPU
		Release|Any CPU = Release|Any CPU
	EndGlobalSection
	GlobalSection(ProjectConfigurationPlatforms) = postSolution
		{CA267486-CD2C-490A-B5D7-D7DF7DA0C1CA}.Debug|Any CPU.ActiveCfg = Debug|Any CPU
		{CA267486-CD2C-490A-B5D7-D7DF7DA0C1CA}.Debug|Any CPU.Build.0 = Debug|Any CPU
		{CA267486-CD2C-490A-B5D7-D7DF7DA0C1CA}.Release|Any CPU.ActiveCfg = Release|Any CPU
		{CA267486-CD2C-490A-B5D7-D7DF7DA0C1CA}.Release|Any CPU.Build.0 = Release|Any CPU
	EndGlobalSection
	GlobalSection(SolutionProperties) = preSolution
		HideSolutionNode = FALSE
	EndGlobalSection
	GlobalSection(ExtensibilityGlobals) = postSolution
		SolutionGuid = {03CCD5A1-582A-4935-B5DE-D7F8BDEEA0B9}
	EndGlobalSection
EndGlobal
