
Microsoft Visual Studio Solution File, Format Version 12.00
# Visual Studio Version 16
VisualStudioVersion = 16.0.29503.13
MinimumVisualStudioVersion = 10.0.40219.1
Project("{FAE04EC0-301F-11D3-BF4B-00C04F79EFBC}") = "Condicionais", "Condicionais\Condicionais.csproj", "{73F26A16-EB1E-4E63-98F9-F2B255182EA2}"
EndProject
Global
	GlobalSection(SolutionConfigurationPlatforms) = preSolution
		Debug|Any CPU = Debug|Any CPU
		Release|Any CPU = Release|Any CPU
	EndGlobalSection
	GlobalSection(ProjectConfigurationPlatforms) = postSolution
		{73F26A16-EB1E-4E63-98F9-F2B255182EA2}.Debug|Any CPU.ActiveCfg = Debug|Any CPU
		{73F26A16-EB1E-4E63-98F9-F2B255182EA2}.Debug|Any CPU.Build.0 = Debug|Any CPU
		{73F26A16-EB1E-4E63-98F9-F2B255182EA2}.Release|Any CPU.ActiveCfg = Release|Any CPU
		{73F26A16-EB1E-4E63-98F9-F2B255182EA2}.Release|Any CPU.Build.0 = Release|Any CPU
	EndGlobalSection
	GlobalSection(SolutionProperties) = preSolution
		HideSolutionNode = FALSE
	EndGlobalSection
	GlobalSection(ExtensibilityGlobals) = postSolution
		SolutionGuid = {62A58D3F-F2A7-4820-BC7B-BAD2651560E6}
	EndGlobalSection
EndGlobal
