
Microsoft Visual Studio Solution File, Format Version 12.00
# Visual Studio Version 16
VisualStudioVersion = 16.0.29503.13
MinimumVisualStudioVersion = 10.0.40219.1
Project("{FAE04EC0-301F-11D3-BF4B-00C04F79EFBC}") = "ValidacaoDeStrings", "ValidacaoDeStrings\ValidacaoDeStrings.csproj", "{FDA3D8C8-9149-4851-A6EC-2F21D990D41C}"
EndProject
Global
	GlobalSection(SolutionConfigurationPlatforms) = preSolution
		Debug|Any CPU = Debug|Any CPU
		Release|Any CPU = Release|Any CPU
	EndGlobalSection
	GlobalSection(ProjectConfigurationPlatforms) = postSolution
		{FDA3D8C8-9149-4851-A6EC-2F21D990D41C}.Debug|Any CPU.ActiveCfg = Debug|Any CPU
		{FDA3D8C8-9149-4851-A6EC-2F21D990D41C}.Debug|Any CPU.Build.0 = Debug|Any CPU
		{FDA3D8C8-9149-4851-A6EC-2F21D990D41C}.Release|Any CPU.ActiveCfg = Release|Any CPU
		{FDA3D8C8-9149-4851-A6EC-2F21D990D41C}.Release|Any CPU.Build.0 = Release|Any CPU
	EndGlobalSection
	GlobalSection(SolutionProperties) = preSolution
		HideSolutionNode = FALSE
	EndGlobalSection
	GlobalSection(ExtensibilityGlobals) = postSolution
		SolutionGuid = {75FF69E8-627D-4690-A1D3-4059A38F434C}
	EndGlobalSection
EndGlobal
