
Microsoft Visual Studio Solution File, Format Version 12.00
# Visual Studio Version 16
VisualStudioVersion = 16.0.29503.13
MinimumVisualStudioVersion = 10.0.40219.1
Project("{FAE04EC0-301F-11D3-BF4B-00C04F79EFBC}") = "OrientacaoObjetosExemplo", "OrientacaoObjetosExemplo\OrientacaoObjetosExemplo.csproj", "{804A58C4-537F-4C18-AB2F-88B4090F7DEA}"
EndProject
Global
	GlobalSection(SolutionConfigurationPlatforms) = preSolution
		Debug|Any CPU = Debug|Any CPU
		Release|Any CPU = Release|Any CPU
	EndGlobalSection
	GlobalSection(ProjectConfigurationPlatforms) = postSolution
		{804A58C4-537F-4C18-AB2F-88B4090F7DEA}.Debug|Any CPU.ActiveCfg = Debug|Any CPU
		{804A58C4-537F-4C18-AB2F-88B4090F7DEA}.Debug|Any CPU.Build.0 = Debug|Any CPU
		{804A58C4-537F-4C18-AB2F-88B4090F7DEA}.Release|Any CPU.ActiveCfg = Release|Any CPU
		{804A58C4-537F-4C18-AB2F-88B4090F7DEA}.Release|Any CPU.Build.0 = Release|Any CPU
	EndGlobalSection
	GlobalSection(SolutionProperties) = preSolution
		HideSolutionNode = FALSE
	EndGlobalSection
	GlobalSection(ExtensibilityGlobals) = postSolution
		SolutionGuid = {47C5536A-4AA2-4D73-B19F-C2162368902A}
	EndGlobalSection
EndGlobal
